
Microsoft Visual Studio Solution File, Format Version 12.00
# Visual Studio Version 17
VisualStudioVersion = 17.9.34728.123
MinimumVisualStudioVersion = 10.0.40219.1
Project("{FAE04EC0-301F-11D3-BF4B-00C04F79EFBC}") = "StockSpy", "StockSpy\StockSpy.csproj", "{AE921031-DE35-4587-9BCE-C964EF465636}"
EndProject
Global
	GlobalSection(SolutionConfigurationPlatforms) = preSolution
		Debug|Any CPU = Debug|Any CPU
		Release|Any CPU = Release|Any CPU
	EndGlobalSection
	GlobalSection(ProjectConfigurationPlatforms) = postSolution
		{AE921031-DE35-4587-9BCE-C964EF465636}.Debug|Any CPU.ActiveCfg = Debug|Any CPU
		{AE921031-DE35-4587-9BCE-C964EF465636}.Debug|Any CPU.Build.0 = Debug|Any CPU
		{AE921031-DE35-4587-9BCE-C964EF465636}.Release|Any CPU.ActiveCfg = Release|Any CPU
		{AE921031-DE35-4587-9BCE-C964EF465636}.Release|Any CPU.Build.0 = Release|Any CPU
	EndGlobalSection
	GlobalSection(SolutionProperties) = preSolution
		HideSolutionNode = FALSE
	EndGlobalSection
	GlobalSection(ExtensibilityGlobals) = postSolution
		SolutionGuid = {453D394C-45A1-467B-BAF6-3C1D630466D7}
	EndGlobalSection
EndGlobal
